
Microsoft Visual Studio Solution File, Format Version 12.00
# Visual Studio Version 16
VisualStudioVersion = 16.0.30717.126
MinimumVisualStudioVersion = 10.0.40219.1
Project("{8BC9CEB8-8B4A-11D0-8D11-00A0C91BC942}") = "1011SeanSukman", "1011SeanSukman\1011SeanSukman.vcxproj", "{1CC8AD44-1476-47AF-B4F8-83AFDB4D4FCA}"
EndProject
Project("{8BC9CEB8-8B4A-11D0-8D11-00A0C91BC942}") = "Lab1_SeanSukman", "Lab1_SeanSukman\Lab1_SeanSukman.vcxproj", "{B8BEDC7C-587D-44CA-B05D-A4A26EDDA603}"
EndProject
Project("{8BC9CEB8-8B4A-11D0-8D11-00A0C91BC942}") = "1011_A1_SukmanSean", "1011_A1_SukmanSean\1011_A1_SukmanSean.vcxproj", "{AAAAD2E3-A16D-444A-8329-B3C0F06AE3A6}"
EndProject
Project("{8BC9CEB8-8B4A-11D0-8D11-00A0C91BC942}") = "1011_A2_SukmanSean", "1011_A2_SukmanSean\1011_A2_SukmanSean.vcxproj", "{1FB85EF4-49EC-466E-9820-1ADD0A8A4EB3}"
EndProject
Global
	GlobalSection(SolutionConfigurationPlatforms) = preSolution
		Debug|x64 = Debug|x64
		Debug|x86 = Debug|x86
		Release|x64 = Release|x64
		Release|x86 = Release|x86
	EndGlobalSection
	GlobalSection(ProjectConfigurationPlatforms) = postSolution
		{1CC8AD44-1476-47AF-B4F8-83AFDB4D4FCA}.Debug|x64.ActiveCfg = Debug|x64
		{1CC8AD44-1476-47AF-B4F8-83AFDB4D4FCA}.Debug|x64.Build.0 = Debug|x64
		{1CC8AD44-1476-47AF-B4F8-83AFDB4D4FCA}.Debug|x86.ActiveCfg = Debug|Win32
		{1CC8AD44-1476-47AF-B4F8-83AFDB4D4FCA}.Debug|x86.Build.0 = Debug|Win32
		{1CC8AD44-1476-47AF-B4F8-83AFDB4D4FCA}.Release|x64.ActiveCfg = Release|x64
		{1CC8AD44-1476-47AF-B4F8-83AFDB4D4FCA}.Release|x64.Build.0 = Release|x64
		{1CC8AD44-1476-47AF-B4F8-83AFDB4D4FCA}.Release|x86.ActiveCfg = Release|Win32
		{1CC8AD44-1476-47AF-B4F8-83AFDB4D4FCA}.Release|x86.Build.0 = Release|Win32
		{B8BEDC7C-587D-44CA-B05D-A4A26EDDA603}.Debug|x64.ActiveCfg = Debug|x64
		{B8BEDC7C-587D-44CA-B05D-A4A26EDDA603}.Debug|x64.Build.0 = Debug|x64
		{B8BEDC7C-587D-44CA-B05D-A4A26EDDA603}.Debug|x86.ActiveCfg = Debug|Win32
		{B8BEDC7C-587D-44CA-B05D-A4A26EDDA603}.Debug|x86.Build.0 = Debug|Win32
		{B8BEDC7C-587D-44CA-B05D-A4A26EDDA603}.Release|x64.ActiveCfg = Release|x64
		{B8BEDC7C-587D-44CA-B05D-A4A26EDDA603}.Release|x64.Build.0 = Release|x64
		{B8BEDC7C-587D-44CA-B05D-A4A26EDDA603}.Release|x86.ActiveCfg = Release|Win32
		{B8BEDC7C-587D-44CA-B05D-A4A26EDDA603}.Release|x86.Build.0 = Release|Win32
		{AAAAD2E3-A16D-444A-8329-B3C0F06AE3A6}.Debug|x64.ActiveCfg = Debug|x64
		{AAAAD2E3-A16D-444A-8329-B3C0F06AE3A6}.Debug|x64.Build.0 = Debug|x64
		{AAAAD2E3-A16D-444A-8329-B3C0F06AE3A6}.Debug|x86.ActiveCfg = Debug|Win32
		{AAAAD2E3-A16D-444A-8329-B3C0F06AE3A6}.Debug|x86.Build.0 = Debug|Win32
		{AAAAD2E3-A16D-444A-8329-B3C0F06AE3A6}.Release|x64.ActiveCfg = Release|x64
		{AAAAD2E3-A16D-444A-8329-B3C0F06AE3A6}.Release|x64.Build.0 = Release|x64
		{AAAAD2E3-A16D-444A-8329-B3C0F06AE3A6}.Release|x86.ActiveCfg = Release|Win32
		{AAAAD2E3-A16D-444A-8329-B3C0F06AE3A6}.Release|x86.Build.0 = Release|Win32
		{1FB85EF4-49EC-466E-9820-1ADD0A8A4EB3}.Debug|x64.ActiveCfg = Debug|x64
		{1FB85EF4-49EC-466E-9820-1ADD0A8A4EB3}.Debug|x64.Build.0 = Debug|x64
		{1FB85EF4-49EC-466E-9820-1ADD0A8A4EB3}.Debug|x86.ActiveCfg = Debug|Win32
		{1FB85EF4-49EC-466E-9820-1ADD0A8A4EB3}.Debug|x86.Build.0 = Debug|Win32
		{1FB85EF4-49EC-466E-9820-1ADD0A8A4EB3}.Release|x64.ActiveCfg = Release|x64
		{1FB85EF4-49EC-466E-9820-1ADD0A8A4EB3}.Release|x64.Build.0 = Release|x64
		{1FB85EF4-49EC-466E-9820-1ADD0A8A4EB3}.Release|x86.ActiveCfg = Release|Win32
		{1FB85EF4-49EC-466E-9820-1ADD0A8A4EB3}.Release|x86.Build.0 = Release|Win32
	EndGlobalSection
	GlobalSection(SolutionProperties) = preSolution
		HideSolutionNode = FALSE
	EndGlobalSection
	GlobalSection(ExtensibilityGlobals) = postSolution
		SolutionGuid = {5480527E-B264-4D6F-B2C1-AC0849F935FF}
	EndGlobalSection
EndGlobal
